// !$*UTF8*$!
{
	archiveVersion = 1;
	classes = {
	};
	objectVersion = 46;
	objects = {

/* Begin PBXBuildFile section */
		F92F36C41F5FCD3900BCCCC0 /* AppDelegate.swift in Sources */ = {isa = PBXBuildFile; fileRef = F92F36C31F5FCD3900BCCCC0 /* AppDelegate.swift */; };
		F92F36C61F5FCD3900BCCCC0 /* ViewController.swift in Sources */ = {isa = PBXBuildFile; fileRef = F92F36C51F5FCD3900BCCCC0 /* ViewController.swift */; };
		F92F36C91F5FCD3900BCCCC0 /* Main.storyboard in Resources */ = {isa = PBXBuildFile; fileRef = F92F36C71F5FCD3900BCCCC0 /* Main.storyboard */; };
		F92F36CB1F5FCD3900BCCCC0 /* Assets.xcassets in Resources */ = {isa = PBXBuildFile; fileRef = F92F36CA1F5FCD3900BCCCC0 /* Assets.xcassets */; };
		F92F36CE1F5FCD3900BCCCC0 /* LaunchScreen.storyboard in Resources */ = {isa = PBXBuildFile; fileRef = F92F36CC1F5FCD3900BCCCC0 /* LaunchScreen.storyboard */; };
		F92F36D91F5FCD3900BCCCC0 /* calendarAppTests.swift in Sources */ = {isa = PBXBuildFile; fileRef = F92F36D81F5FCD3900BCCCC0 /* calendarAppTests.swift */; };
		F92F36E41F5FCD3900BCCCC0 /* calendarAppUITests.swift in Sources */ = {isa = PBXBuildFile; fileRef = F92F36E31F5FCD3900BCCCC0 /* calendarAppUITests.swift */; };
		F92F36F21F5FCE5900BCCCC0 /* DateManager.swift in Sources */ = {isa = PBXBuildFile; fileRef = F92F36F11F5FCE5900BCCCC0 /* DateManager.swift */; };
		F92F36F41F5FCEF200BCCCC0 /* CollectionUICollectionViewCell.swift in Sources */ = {isa = PBXBuildFile; fileRef = F92F36F31F5FCEF200BCCCC0 /* CollectionUICollectionViewCell.swift */; };
		F92F36F61F5FD00700BCCCC0 /* CollectionReusableView.swift in Sources */ = {isa = PBXBuildFile; fileRef = F92F36F51F5FD00700BCCCC0 /* CollectionReusableView.swift */; };
/* End PBXBuildFile section */

/* Begin PBXContainerItemProxy section */
		F92F36D51F5FCD3900BCCCC0 /* PBXContainerItemProxy */ = {
			isa = PBXContainerItemProxy;
			containerPortal = F92F36B81F5FCD3900BCCCC0 /* Project object */;
			proxyType = 1;
			remoteGlobalIDString = F92F36BF1F5FCD3900BCCCC0;
			remoteInfo = calendarApp;
		};
		F92F36E01F5FCD3900BCCCC0 /* PBXContainerItemProxy */ = {
			isa = PBXContainerItemProxy;
			containerPortal = F92F36B81F5FCD3900BCCCC0 /* Project object */;
			proxyType = 1;
			remoteGlobalIDString = F92F36BF1F5FCD3900BCCCC0;
			remoteInfo = calendarApp;
		};
/* End PBXContainerItemProxy section */

/* Begin PBXFileReference section */
		F92F36C01F5FCD3900BCCCC0 /* calendarApp.app */ = {isa = PBXFileReference; explicitFileType = wrapper.application; includeInIndex = 0; path = calendarApp.app; sourceTree = BUILT_PRODUCTS_DIR; };
		F92F36C31F5FCD3900BCCCC0 /* AppDelegate.swift */ = {isa = PBXFileReference; lastKnownFileType = sourcecode.swift; path = AppDelegate.swift; sourceTree = "<group>"; };
		F92F36C51F5FCD3900BCCCC0 /* ViewController.swift */ = {isa = PBXFileReference; lastKnownFileType = sourcecode.swift; path = ViewController.swift; sourceTree = "<group>"; };
		F92F36C81F5FCD3900BCCCC0 /* Base */ = {isa = PBXFileReference; lastKnownFileType = file.storyboard; name = Base; path = Base.lproj/Main.storyboard; sourceTree = "<group>"; };
		F92F36CA1F5FCD3900BCCCC0 /* Assets.xcassets */ = {isa = PBXFileReference; lastKnownFileType = folder.assetcatalog; path = Assets.xcassets; sourceTree = "<group>"; };
		F92F36CD1F5FCD3900BCCCC0 /* Base */ = {isa = PBXFileReference; lastKnownFileType = file.storyboard; name = Base; path = Base.lproj/LaunchScreen.storyboard; sourceTree = "<group>"; };
		F92F36CF1F5FCD3900BCCCC0 /* Info.plist */ = {isa = PBXFileReference; lastKnownFileType = text.plist.xml; path = Info.plist; sourceTree = "<group>"; };
		F92F36D41F5FCD3900BCCCC0 /* calendarAppTests.xctest */ = {isa = PBXFileReference; explicitFileType = wrapper.cfbundle; includeInIndex = 0; path = calendarAppTests.xctest; sourceTree = BUILT_PRODUCTS_DIR; };
		F92F36D81F5FCD3900BCCCC0 /* calendarAppTests.swift */ = {isa = PBXFileReference; lastKnownFileType = sourcecode.swift; path = calendarAppTests.swift; sourceTree = "<group>"; };
		F92F36DA1F5FCD3900BCCCC0 /* Info.plist */ = {isa = PBXFileReference; lastKnownFileType = text.plist.xml; path = Info.plist; sourceTree = "<group>"; };
		F92F36DF1F5FCD3900BCCCC0 /* calendarAppUITests.xctest */ = {isa = PBXFileReference; explicitFileType = wrapper.cfbundle; includeInIndex = 0; path = calendarAppUITests.xctest; sourceTree = BUILT_PRODUCTS_DIR; };
		F92F36E31F5FCD3900BCCCC0 /* calendarAppUITests.swift */ = {isa = PBXFileReference; lastKnownFileType = sourcecode.swift; path = calendarAppUITests.swift; sourceTree = "<group>"; };
		F92F36E51F5FCD3A00BCCCC0 /* Info.plist */ = {isa = PBXFileReference; lastKnownFileType = text.plist.xml; path = Info.plist; sourceTree = "<group>"; };
		F92F36F11F5FCE5900BCCCC0 /* DateManager.swift */ = {isa = PBXFileReference; fileEncoding = 4; lastKnownFileType = sourcecode.swift; path = DateManager.swift; sourceTree = "<group>"; };
		F92F36F31F5FCEF200BCCCC0 /* CollectionUICollectionViewCell.swift */ = {isa = PBXFileReference; fileEncoding = 4; lastKnownFileType = sourcecode.swift; path = CollectionUICollectionViewCell.swift; sourceTree = "<group>"; };
		F92F36F51F5FD00700BCCCC0 /* CollectionReusableView.swift */ = {isa = PBXFileReference; fileEncoding = 4; lastKnownFileType = sourcecode.swift; path = CollectionReusableView.swift; sourceTree = "<group>"; };
/* End PBXFileReference section */

/* Begin PBXFrameworksBuildPhase section */
		F92F36BD1F5FCD3900BCCCC0 /* Frameworks */ = {
			isa = PBXFrameworksBuildPhase;
			buildActionMask = 2147483647;
			files = (
			);
			runOnlyForDeploymentPostprocessing = 0;
		};
		F92F36D11F5FCD3900BCCCC0 /* Frameworks */ = {
			isa = PBXFrameworksBuildPhase;
			buildActionMask = 2147483647;
			files = (
			);
			runOnlyForDeploymentPostprocessing = 0;
		};
		F92F36DC1F5FCD3900BCCCC0 /* Frameworks */ = {
			isa = PBXFrameworksBuildPhase;
			buildActionMask = 2147483647;
			files = (
			);
			runOnlyForDeploymentPostprocessing = 0;
		};
/* End PBXFrameworksBuildPhase section */

/* Begin PBXGroup section */
		F92F36B71F5FCD3900BCCCC0 = {
			isa = PBXGroup;
			children = (
				F92F36C21F5FCD3900BCCCC0 /* calendarApp */,
				F92F36D71F5FCD3900BCCCC0 /* calendarAppTests */,
				F92F36E21F5FCD3900BCCCC0 /* calendarAppUITests */,
				F92F36C11F5FCD3900BCCCC0 /* Products */,
			);
			sourceTree = "<group>";
		};
		F92F36C11F5FCD3900BCCCC0 /* Products */ = {
			isa = PBXGroup;
			children = (
				F92F36C01F5FCD3900BCCCC0 /* calendarApp.app */,
				F92F36D41F5FCD3900BCCCC0 /* calendarAppTests.xctest */,
				F92F36DF1F5FCD3900BCCCC0 /* calendarAppUITests.xctest */,
			);
			name = Products;
			sourceTree = "<group>";
		};
		F92F36C21F5FCD3900BCCCC0 /* calendarApp */ = {
			isa = PBXGroup;
			children = (
				F92F36C31F5FCD3900BCCCC0 /* AppDelegate.swift */,
				F92F36C51F5FCD3900BCCCC0 /* ViewController.swift */,
				F92F36F11F5FCE5900BCCCC0 /* DateManager.swift */,
				F92F36F31F5FCEF200BCCCC0 /* CollectionUICollectionViewCell.swift */,
				F92F36F51F5FD00700BCCCC0 /* CollectionReusableView.swift */,
				F92F36C71F5FCD3900BCCCC0 /* Main.storyboard */,
				F92F36CA1F5FCD3900BCCCC0 /* Assets.xcassets */,
				F92F36CC1F5FCD3900BCCCC0 /* LaunchScreen.storyboard */,
				F92F36CF1F5FCD3900BCCCC0 /* Info.plist */,
			);
			path = calendarApp;
			sourceTree = "<group>";
		};
		F92F36D71F5FCD3900BCCCC0 /* calendarAppTests */ = {
			isa = PBXGroup;
			children = (
				F92F36D81F5FCD3900BCCCC0 /* calendarAppTests.swift */,
				F92F36DA1F5FCD3900BCCCC0 /* Info.plist */,
			);
			path = calendarAppTests;
			sourceTree = "<group>";
		};
		F92F36E21F5FCD3900BCCCC0 /* calendarAppUITests */ = {
			isa = PBXGroup;
			children = (
				F92F36E31F5FCD3900BCCCC0 /* calendarAppUITests.swift */,
				F92F36E51F5FCD3A00BCCCC0 /* Info.plist */,
			);
			path = calendarAppUITests;
			sourceTree = "<group>";
		};
/* End PBXGroup section */

/* Begin PBXNativeTarget section */
		F92F36BF1F5FCD3900BCCCC0 /* calendarApp */ = {
			isa = PBXNativeTarget;
			buildConfigurationList = F92F36E81F5FCD3A00BCCCC0 /* Build configuration list for PBXNativeTarget "calendarApp" */;
			buildPhases = (
				F92F36BC1F5FCD3900BCCCC0 /* Sources */,
				F92F36BD1F5FCD3900BCCCC0 /* Frameworks */,
				F92F36BE1F5FCD3900BCCCC0 /* Resources */,
			);
			buildRules = (
			);
			dependencies = (
			);
			name = calendarApp;
			productName = calendarApp;
			productReference = F92F36C01F5FCD3900BCCCC0 /* calendarApp.app */;
			productType = "com.apple.product-type.application";
		};
		F92F36D31F5FCD3900BCCCC0 /* calendarAppTests */ = {
			isa = PBXNativeTarget;
			buildConfigurationList = F92F36EB1F5FCD3A00BCCCC0 /* Build configuration list for PBXNativeTarget "calendarAppTests" */;
			buildPhases = (
				F92F36D01F5FCD3900BCCCC0 /* Sources */,
				F92F36D11F5FCD3900BCCCC0 /* Frameworks */,
				F92F36D21F5FCD3900BCCCC0 /* Resources */,
			);
			buildRules = (
			);
			dependencies = (
				F92F36D61F5FCD3900BCCCC0 /* PBXTargetDependency */,
			);
			name = calendarAppTests;
			productName = calendarAppTests;
			productReference = F92F36D41F5FCD3900BCCCC0 /* calendarAppTests.xctest */;
			productType = "com.apple.product-type.bundle.unit-test";
		};
		F92F36DE1F5FCD3900BCCCC0 /* calendarAppUITests */ = {
			isa = PBXNativeTarget;
			buildConfigurationList = F92F36EE1F5FCD3A00BCCCC0 /* Build configuration list for PBXNativeTarget "calendarAppUITests" */;
			buildPhases = (
				F92F36DB1F5FCD3900BCCCC0 /* Sources */,
				F92F36DC1F5FCD3900BCCCC0 /* Frameworks */,
				F92F36DD1F5FCD3900BCCCC0 /* Resources */,
			);
			buildRules = (
			);
			dependencies = (
				F92F36E11F5FCD3900BCCCC0 /* PBXTargetDependency */,
			);
			name = calendarAppUITests;
			productName = calendarAppUITests;
			productReference = F92F36DF1F5FCD3900BCCCC0 /* calendarAppUITests.xctest */;
			productType = "com.apple.product-type.bundle.ui-testing";
		};
/* End PBXNativeTarget section */

/* Begin PBXProject section */
		F92F36B81F5FCD3900BCCCC0 /* Project object */ = {
			isa = PBXProject;
			attributes = {
				LastSwiftUpdateCheck = 0830;
				LastUpgradeCheck = 0830;
				ORGANIZATIONNAME = "haruki yasui";
				TargetAttributes = {
					F92F36BF1F5FCD3900BCCCC0 = {
						CreatedOnToolsVersion = 8.3.3;
						DevelopmentTeam = FL88HC48Y6;
						ProvisioningStyle = Automatic;
					};
					F92F36D31F5FCD3900BCCCC0 = {
						CreatedOnToolsVersion = 8.3.3;
						DevelopmentTeam = FL88HC48Y6;
						ProvisioningStyle = Automatic;
						TestTargetID = F92F36BF1F5FCD3900BCCCC0;
					};
					F92F36DE1F5FCD3900BCCCC0 = {
						CreatedOnToolsVersion = 8.3.3;
						DevelopmentTeam = FL88HC48Y6;
						ProvisioningStyle = Automatic;
						TestTargetID = F92F36BF1F5FCD3900BCCCC0;
					};
				};
			};
			buildConfigurationList = F92F36BB1F5FCD3900BCCCC0 /* Build configuration list for PBXProject "calendarApp" */;
			compatibilityVersion = "Xcode 3.2";
			developmentRegion = English;
			hasScannedForEncodings = 0;
			knownRegions = (
				en,
				Base,
			);
			mainGroup = F92F36B71F5FCD3900BCCCC0;
			productRefGroup = F92F36C11F5FCD3900BCCCC0 /* Products */;
			projectDirPath = "";
			projectRoot = "";
			targets = (
				F92F36BF1F5FCD3900BCCCC0 /* calendarApp */,
				F92F36D31F5FCD3900BCCCC0 /* calendarAppTests */,
				F92F36DE1F5FCD3900BCCCC0 /* calendarAppUITests */,
			);
		};
/* End PBXProject section */

/* Begin PBXResourcesBuildPhase section */
		F92F36BE1F5FCD3900BCCCC0 /* Resources */ = {
			isa = PBXResourcesBuildPhase;
			buildActionMask = 2147483647;
			files = (
				F92F36CE1F5FCD3900BCCCC0 /* LaunchScreen.storyboard in Resources */,
				F92F36CB1F5FCD3900BCCCC0 /* Assets.xcassets in Resources */,
				F92F36C91F5FCD3900BCCCC0 /* Main.storyboard in Resources */,
			);
			runOnlyForDeploymentPostprocessing = 0;
		};
		F92F36D21F5FCD3900BCCCC0 /* Resources */ = {
			isa = PBXResourcesBuildPhase;
			buildActionMask = 2147483647;
			files = (
			);
			runOnlyForDeploymentPostprocessing = 0;
		};
		F92F36DD1F5FCD3900BCCCC0 /* Resources */ = {
			isa = PBXResourcesBuildPhase;
			buildActionMask = 2147483647;
			files = (
			);
			runOnlyForDeploymentPostprocessing = 0;
		};
/* End PBXResourcesBuildPhase section */

/* Begin PBXSourcesBuildPhase section */
		F92F36BC1F5FCD3900BCCCC0 /* Sources */ = {
			isa = PBXSourcesBuildPhase;
			buildActionMask = 2147483647;
			files = (
				F92F36F41F5FCEF200BCCCC0 /* CollectionUICollectionViewCell.swift in Sources */,
				F92F36C61F5FCD3900BCCCC0 /* ViewController.swift in Sources */,
				F92F36F21F5FCE5900BCCCC0 /* DateManager.swift in Sources */,
				F92F36F61F5FD00700BCCCC0 /* CollectionReusableView.swift in Sources */,
				F92F36C41F5FCD3900BCCCC0 /* AppDelegate.swift in Sources */,
			);
			runOnlyForDeploymentPostprocessing = 0;
		};
		F92F36D01F5FCD3900BCCCC0 /* Sources */ = {
			isa = PBXSourcesBuildPhase;
			buildActionMask = 2147483647;
			files = (
				F92F36D91F5FCD3900BCCCC0 /* calendarAppTests.swift in Sources */,
			);
			runOnlyForDeploymentPostprocessing = 0;
		};
		F92F36DB1F5FCD3900BCCCC0 /* Sources */ = {
			isa = PBXSourcesBuildPhase;
			buildActionMask = 2147483647;
			files = (
				F92F36E41F5FCD3900BCCCC0 /* calendarAppUITests.swift in Sources */,
			);
			runOnlyForDeploymentPostprocessing = 0;
		};
/* End PBXSourcesBuildPhase section */

/* Begin PBXTargetDependency section */
		F92F36D61F5FCD3900BCCCC0 /* PBXTargetDependency */ = {
			isa = PBXTargetDependency;
			target = F92F36BF1F5FCD3900BCCCC0 /* calendarApp */;
			targetProxy = F92F36D51F5FCD3900BCCCC0 /* PBXContainerItemProxy */;
		};
		F92F36E11F5FCD3900BCCCC0 /* PBXTargetDependency */ = {
			isa = PBXTargetDependency;
			target = F92F36BF1F5FCD3900BCCCC0 /* calendarApp */;
			targetProxy = F92F36E01F5FCD3900BCCCC0 /* PBXContainerItemProxy */;
		};
/* End PBXTargetDependency section */

/* Begin PBXVariantGroup section */
		F92F36C71F5FCD3900BCCCC0 /* Main.storyboard */ = {
			isa = PBXVariantGroup;
			children = (
				F92F36C81F5FCD3900BCCCC0 /* Base */,
			);
			name = Main.storyboard;
			sourceTree = "<group>";
		};
		F92F36CC1F5FCD3900BCCCC0 /* LaunchScreen.storyboard */ = {
			isa = PBXVariantGroup;
			children = (
				F92F36CD1F5FCD3900BCCCC0 /* Base */,
			);
			name = LaunchScreen.storyboard;
			sourceTree = "<group>";
		};
/* End PBXVariantGroup section */

/* Begin XCBuildConfiguration section */
		F92F36E61F5FCD3A00BCCCC0 /* Debug */ = {
			isa = XCBuildConfiguration;
			buildSettings = {
				ALWAYS_SEARCH_USER_PATHS = NO;
				CLANG_ANALYZER_NONNULL = YES;
				CLANG_ANALYZER_NUMBER_OBJECT_CONVERSION = YES_AGGRESSIVE;
				CLANG_CXX_LANGUAGE_STANDARD = "gnu++0x";
				CLANG_CXX_LIBRARY = "libc++";
				CLANG_ENABLE_MODULES = YES;
				CLANG_ENABLE_OBJC_ARC = YES;
				CLANG_WARN_BOOL_CONVERSION = YES;
				CLANG_WARN_CONSTANT_CONVERSION = YES;
				CLANG_WARN_DIRECT_OBJC_ISA_USAGE = YES_ERROR;
				CLANG_WARN_DOCUMENTATION_COMMENTS = YES;
				CLANG_WARN_EMPTY_BODY = YES;
				CLANG_WARN_ENUM_CONVERSION = YES;
				CLANG_WARN_INFINITE_RECURSION = YES;
				CLANG_WARN_INT_CONVERSION = YES;
				CLANG_WARN_OBJC_ROOT_CLASS = YES_ERROR;
				CLANG_WARN_SUSPICIOUS_MOVE = YES;
				CLANG_WARN_UNREACHABLE_CODE = YES;
				CLANG_WARN__DUPLICATE_METHOD_MATCH = YES;
				"CODE_SIGN_IDENTITY[sdk=iphoneos*]" = "iPhone Developer";
				COPY_PHASE_STRIP = NO;
				DEBUG_INFORMATION_FORMAT = dwarf;
				ENABLE_STRICT_OBJC_MSGSEND = YES;
				ENABLE_TESTABILITY = YES;
				GCC_C_LANGUAGE_STANDARD = gnu99;
				GCC_DYNAMIC_NO_PIC = NO;
				GCC_NO_COMMON_BLOCKS = YES;
				GCC_OPTIMIZATION_LEVEL = 0;
				GCC_PREPROCESSOR_DEFINITIONS = (
					"DEBUG=1",
					"$(inherited)",
				);
				GCC_WARN_64_TO_32_BIT_CONVERSION = YES;
				GCC_WARN_ABOUT_RETURN_TYPE = YES_ERROR;
				GCC_WARN_UNDECLARED_SELECTOR = YES;
				GCC_WARN_UNINITIALIZED_AUTOS = YES_AGGRESSIVE;
				GCC_WARN_UNUSED_FUNCTION = YES;
				GCC_WARN_UNUSED_VARIABLE = YES;
				IPHONEOS_DEPLOYMENT_TARGET = 10.3;
				MTL_ENABLE_DEBUG_INFO = YES;
				ONLY_ACTIVE_ARCH = YES;
				SDKROOT = iphoneos;
				SWIFT_ACTIVE_COMPILATION_CONDITIONS = DEBUG;
				SWIFT_OPTIMIZATION_LEVEL = "-Onone";
				TARGETED_DEVICE_FAMILY = "1,2";
			};
			name = Debug;
		};
		F92F36E71F5FCD3A00BCCCC0 /* Release */ = {
			isa = XCBuildConfiguration;
			buildSettings = {
				ALWAYS_SEARCH_USER_PATHS = NO;
				CLANG_ANALYZER_NONNULL = YES;
				CLANG_ANALYZER_NUMBER_OBJECT_CONVERSION = YES_AGGRESSIVE;
				CLANG_CXX_LANGUAGE_STANDARD = "gnu++0x";
				CLANG_CXX_LIBRARY = "libc++";
				CLANG_ENABLE_MODULES = YES;
				CLANG_ENABLE_OBJC_ARC = YES;
				CLANG_WARN_BOOL_CONVERSION = YES;
				CLANG_WARN_CONSTANT_CONVERSION = YES;
				CLANG_WARN_DIRECT_OBJC_ISA_USAGE = YES_ERROR;
				CLANG_WARN_DOCUMENTATION_COMMENTS = YES;
				CLANG_WARN_EMPTY_BODY = YES;
				CLANG_WARN_ENUM_CONVERSION = YES;
				CLANG_WARN_INFINITE_RECURSION = YES;
				CLANG_WARN_INT_CONVERSION = YES;
				CLANG_WARN_OBJC_ROOT_CLASS = YES_ERROR;
				CLANG_WARN_SUSPICIOUS_MOVE = YES;
				CLANG_WARN_UNREACHABLE_CODE = YES;
				CLANG_WARN__DUPLICATE_METHOD_MATCH = YES;
				"CODE_SIGN_IDENTITY[sdk=iphoneos*]" = "iPhone Developer";
				COPY_PHASE_STRIP = NO;
				DEBUG_INFORMATION_FORMAT = "dwarf-with-dsym";
				ENABLE_NS_ASSERTIONS = NO;
				ENABLE_STRICT_OBJC_MSGSEND = YES;
				GCC_C_LANGUAGE_STANDARD = gnu99;
				GCC_NO_COMMON_BLOCKS = YES;
				GCC_WARN_64_TO_32_BIT_CONVERSION = YES;
				GCC_WARN_ABOUT_RETURN_TYPE = YES_ERROR;
				GCC_WARN_UNDECLARED_SELECTOR = YES;
				GCC_WARN_UNINITIALIZED_AUTOS = YES_AGGRESSIVE;
				GCC_WARN_UNUSED_FUNCTION = YES;
				GCC_WARN_UNUSED_VARIABLE = YES;
				IPHONEOS_DEPLOYMENT_TARGET = 10.3;
				MTL_ENABLE_DEBUG_INFO = NO;
				SDKROOT = iphoneos;
				SWIFT_OPTIMIZATION_LEVEL = "-Owholemodule";
				TARGETED_DEVICE_FAMILY = "1,2";
				VALIDATE_PRODUCT = YES;
			};
			name = Release;
		};
		F92F36E91F5FCD3A00BCCCC0 /* Debug */ = {
			isa = XCBuildConfiguration;
			buildSettings = {
				ASSETCATALOG_COMPILER_APPICON_NAME = AppIcon;
				DEVELOPMENT_TEAM = FL88HC48Y6;
				INFOPLIST_FILE = calendarApp/Info.plist;
				LD_RUNPATH_SEARCH_PATHS = "$(inherited) @executable_path/Frameworks";
				PRODUCT_BUNDLE_IDENTIFIER = com.harukiyasui.calendarApp;
				PRODUCT_NAME = "$(TARGET_NAME)";
				SWIFT_VERSION = 3.0;
			};
			name = Debug;
		};
		F92F36EA1F5FCD3A00BCCCC0 /* Release */ = {
			isa = XCBuildConfiguration;
			buildSettings = {
				ASSETCATALOG_COMPILER_APPICON_NAME = AppIcon;
				DEVELOPMENT_TEAM = FL88HC48Y6;
				INFOPLIST_FILE = calendarApp/Info.plist;
				LD_RUNPATH_SEARCH_PATHS = "$(inherited) @executable_path/Frameworks";
				PRODUCT_BUNDLE_IDENTIFIER = com.harukiyasui.calendarApp;
				PRODUCT_NAME = "$(TARGET_NAME)";
				SWIFT_VERSION = 3.0;
			};
			name = Release;
		};
		F92F36EC1F5FCD3A00BCCCC0 /* Debug */ = {
			isa = XCBuildConfiguration;
			buildSettings = {
				ALWAYS_EMBED_SWIFT_STANDARD_LIBRARIES = YES;
				BUNDLE_LOADER = "$(TEST_HOST)";
				DEVELOPMENT_TEAM = FL88HC48Y6;
				INFOPLIST_FILE = calendarAppTests/Info.plist;
				LD_RUNPATH_SEARCH_PATHS = "$(inherited) @executable_path/Frameworks @loader_path/Frameworks";
				PRODUCT_BUNDLE_IDENTIFIER = com.harukiyasui.calendarAppTests;
				PRODUCT_NAME = "$(TARGET_NAME)";
				SWIFT_VERSION = 3.0;
				TEST_HOST = "$(BUILT_PRODUCTS_DIR)/calendarApp.app/calendarApp";
			};
			name = Debug;
		};
		F92F36ED1F5FCD3A00BCCCC0 /* Release */ = {
			isa = XCBuildConfiguration;
			buildSettings = {
				ALWAYS_EMBED_SWIFT_STANDARD_LIBRARIES = YES;
				BUNDLE_LOADER = "$(TEST_HOST)";
				DEVELOPMENT_TEAM = FL88HC48Y6;
				INFOPLIST_FILE = calendarAppTests/Info.plist;
				LD_RUNPATH_SEARCH_PATHS = "$(inherited) @executable_path/Frameworks @loader_path/Frameworks";
				PRODUCT_BUNDLE_IDENTIFIER = com.harukiyasui.calendarAppTests;
				PRODUCT_NAME = "$(TARGET_NAME)";
				SWIFT_VERSION = 3.0;
				TEST_HOST = "$(BUILT_PRODUCTS_DIR)/calendarApp.app/calendarApp";
			};
			name = Release;
		};
		F92F36EF1F5FCD3A00BCCCC0 /* Debug */ = {
			isa = XCBuildConfiguration;
			buildSettings = {
				ALWAYS_EMBED_SWIFT_STANDARD_LIBRARIES = YES;
				DEVELOPMENT_TEAM = FL88HC48Y6;
				INFOPLIST_FILE = calendarAppUITests/Info.plist;
				LD_RUNPATH_SEARCH_PATHS = "$(inherited) @executable_path/Frameworks @loader_path/Frameworks";
				PRODUCT_BUNDLE_IDENTIFIER = com.harukiyasui.calendarAppUITests;
				PRODUCT_NAME = "$(TARGET_NAME)";
				SWIFT_VERSION = 3.0;
				TEST_TARGET_NAME = calendarApp;
			};
			name = Debug;
		};
		F92F36F01F5FCD3A00BCCCC0 /* Release */ = {
			isa = XCBuildConfiguration;
			buildSettings = {
				ALWAYS_EMBED_SWIFT_STANDARD_LIBRARIES = YES;
				DEVELOPMENT_TEAM = FL88HC48Y6;
				INFOPLIST_FILE = calendarAppUITests/Info.plist;
				LD_RUNPATH_SEARCH_PATHS = "$(inherited) @executable_path/Frameworks @loader_path/Frameworks";
				PRODUCT_BUNDLE_IDENTIFIER = com.harukiyasui.calendarAppUITests;
				PRODUCT_NAME = "$(TARGET_NAME)";
				SWIFT_VERSION = 3.0;
				TEST_TARGET_NAME = calendarApp;
			};
			name = Release;
		};
/* End XCBuildConfiguration section */

/* Begin XCConfigurationList section */
		F92F36BB1F5FCD3900BCCCC0 /* Build configuration list for PBXProject "calendarApp" */ = {
			isa = XCConfigurationList;
			buildConfigurations = (
				F92F36E61F5FCD3A00BCCCC0 /* Debug */,
				F92F36E71F5FCD3A00BCCCC0 /* Release */,
			);
			defaultConfigurationIsVisible = 0;
			defaultConfigurationName = Release;
		};
		F92F36E81F5FCD3A00BCCCC0 /* Build configuration list for PBXNativeTarget "calendarApp" */ = {
			isa = XCConfigurationList;
			buildConfigurations = (
				F92F36E91F5FCD3A00BCCCC0 /* Debug */,
				F92F36EA1F5FCD3A00BCCCC0 /* Release */,
			);
			defaultConfigurationIsVisible = 0;
		};
		F92F36EB1F5FCD3A00BCCCC0 /* Build configuration list for PBXNativeTarget "calendarAppTests" */ = {
			isa = XCConfigurationList;
			buildConfigurations = (
				F92F36EC1F5FCD3A00BCCCC0 /* Debug */,
				F92F36ED1F5FCD3A00BCCCC0 /* Release */,
			);
			defaultConfigurationIsVisible = 0;
		};
		F92F36EE1F5FCD3A00BCCCC0 /* Build configuration list for PBXNativeTarget "calendarAppUITests" */ = {
			isa = XCConfigurationList;
			buildConfigurations = (
				F92F36EF1F5FCD3A00BCCCC0 /* Debug */,
				F92F36F01F5FCD3A00BCCCC0 /* Release */,
			);
			defaultConfigurationIsVisible = 0;
		};
/* End XCConfigurationList section */
	};
	rootObject = F92F36B81F5FCD3900BCCCC0 /* Project object */;
}
